
Microsoft Visual Studio Solution File, Format Version 12.00
# Visual Studio 15
VisualStudioVersion = 15.0.28010.2036
MinimumVisualStudioVersion = 10.0.40219.1
Project("{FAE04EC0-301F-11D3-BF4B-00C04F79EFBC}") = "TaquinUI", "TaquinUI\TaquinUI.csproj", "{97C94BB1-20B2-4E22-875A-9BF7D1026025}"
EndProject
Project("{FAE04EC0-301F-11D3-BF4B-00C04F79EFBC}") = "TaquinCodeBehind", "TaquinCodeBehind\TaquinCodeBehind.csproj", "{583E1BF1-A270-4322-81DA-C28057136170}"
EndProject
Project("{FAE04EC0-301F-11D3-BF4B-00C04F79EFBC}") = "Parametrizer", "Parametrizer\Parametrizer.csproj", "{F2D090A5-C489-41C0-9130-5247871FE334}"
EndProject
Global
	GlobalSection(SolutionConfigurationPlatforms) = preSolution
		Debug|Any CPU = Debug|Any CPU
		Release|Any CPU = Release|Any CPU
	EndGlobalSection
	GlobalSection(ProjectConfigurationPlatforms) = postSolution
		{97C94BB1-20B2-4E22-875A-9BF7D1026025}.Debug|Any CPU.ActiveCfg = Debug|Any CPU
		{97C94BB1-20B2-4E22-875A-9BF7D1026025}.Debug|Any CPU.Build.0 = Debug|Any CPU
		{97C94BB1-20B2-4E22-875A-9BF7D1026025}.Release|Any CPU.ActiveCfg = Release|Any CPU
		{97C94BB1-20B2-4E22-875A-9BF7D1026025}.Release|Any CPU.Build.0 = Release|Any CPU
		{583E1BF1-A270-4322-81DA-C28057136170}.Debug|Any CPU.ActiveCfg = Debug|Any CPU
		{583E1BF1-A270-4322-81DA-C28057136170}.Debug|Any CPU.Build.0 = Debug|Any CPU
		{583E1BF1-A270-4322-81DA-C28057136170}.Release|Any CPU.ActiveCfg = Release|Any CPU
		{583E1BF1-A270-4322-81DA-C28057136170}.Release|Any CPU.Build.0 = Release|Any CPU
		{F2D090A5-C489-41C0-9130-5247871FE334}.Debug|Any CPU.ActiveCfg = Debug|Any CPU
		{F2D090A5-C489-41C0-9130-5247871FE334}.Debug|Any CPU.Build.0 = Debug|Any CPU
		{F2D090A5-C489-41C0-9130-5247871FE334}.Release|Any CPU.ActiveCfg = Release|Any CPU
		{F2D090A5-C489-41C0-9130-5247871FE334}.Release|Any CPU.Build.0 = Release|Any CPU
	EndGlobalSection
	GlobalSection(SolutionProperties) = preSolution
		HideSolutionNode = FALSE
	EndGlobalSection
	GlobalSection(ExtensibilityGlobals) = postSolution
		SolutionGuid = {29302894-8321-47A5-ABF9-C25E7BC82518}
	EndGlobalSection
EndGlobal
